
Microsoft Visual Studio Solution File, Format Version 12.00
# Visual Studio 15
Project("{FAE04EC0-301F-11D3-BF4B-00C04F79EFBC}") = "SpriteAnimation", "SpriteAnimation.csproj", "{1085631F-D593-12A0-8283-03FCA8830589}"
EndProject
Project("{FAE04EC0-301F-11D3-BF4B-00C04F79EFBC}") = "RotatingEntity", "RotatingEntity.csproj", "{773EC4D8-CB21-B01A-B865-FC486CD54659}"
EndProject
Project("{FAE04EC0-301F-11D3-BF4B-00C04F79EFBC}") = "TextRendering", "TextRendering.csproj", "{101E4CC0-A184-D28E-611F-19FF00324434}"
EndProject
Global
	GlobalSection(SolutionConfigurationPlatforms) = preSolution
		Debug|Any CPU = Debug|Any CPU
		Release|Any CPU = Release|Any CPU
	EndGlobalSection
	GlobalSection(ProjectConfigurationPlatforms) = postSolution
		{1085631F-D593-12A0-8283-03FCA8830589}.Debug|Any CPU.ActiveCfg = Debug|Any CPU
		{1085631F-D593-12A0-8283-03FCA8830589}.Debug|Any CPU.Build.0 = Debug|Any CPU
		{1085631F-D593-12A0-8283-03FCA8830589}.Release|Any CPU.ActiveCfg = Release|Any CPU
		{1085631F-D593-12A0-8283-03FCA8830589}.Release|Any CPU.Build.0 = Release|Any CPU
		{773EC4D8-CB21-B01A-B865-FC486CD54659}.Debug|Any CPU.ActiveCfg = Debug|Any CPU
		{773EC4D8-CB21-B01A-B865-FC486CD54659}.Debug|Any CPU.Build.0 = Debug|Any CPU
		{773EC4D8-CB21-B01A-B865-FC486CD54659}.Release|Any CPU.ActiveCfg = Release|Any CPU
		{773EC4D8-CB21-B01A-B865-FC486CD54659}.Release|Any CPU.Build.0 = Release|Any CPU
		{101E4CC0-A184-D28E-611F-19FF00324434}.Debug|Any CPU.ActiveCfg = Debug|Any CPU
		{101E4CC0-A184-D28E-611F-19FF00324434}.Debug|Any CPU.Build.0 = Debug|Any CPU
		{101E4CC0-A184-D28E-611F-19FF00324434}.Release|Any CPU.ActiveCfg = Release|Any CPU
		{101E4CC0-A184-D28E-611F-19FF00324434}.Release|Any CPU.Build.0 = Release|Any CPU
	EndGlobalSection
	GlobalSection(SolutionProperties) = preSolution
		HideSolutionNode = FALSE
	EndGlobalSection
EndGlobal
